// !$*UTF8*$!
{
	archiveVersion = 1;
	classes = {
	};
	objectVersion = 50;
	objects = {

/* Begin PBXBuildFile section */
		90F9418A219F90800036A0CC /* AppDelegate.swift in Sources */ = {isa = PBXBuildFile; fileRef = 90F94189219F90800036A0CC /* AppDelegate.swift */; };
		90F9418C219F90800036A0CC /* ViewController.swift in Sources */ = {isa = PBXBuildFile; fileRef = 90F9418B219F90800036A0CC /* ViewController.swift */; };
		90F9418E219F90810036A0CC /* Assets.xcassets in Resources */ = {isa = PBXBuildFile; fileRef = 90F9418D219F90810036A0CC /* Assets.xcassets */; };
		90F94191219F90810036A0CC /* Main.storyboard in Resources */ = {isa = PBXBuildFile; fileRef = 90F9418F219F90810036A0CC /* Main.storyboard */; };
		90F9419A219F965E0036A0CC /* Renderer.swift in Sources */ = {isa = PBXBuildFile; fileRef = 90F94199219F965E0036A0CC /* Renderer.swift */; };
		90F941A1219FB8380036A0CC /* Node.swift in Sources */ = {isa = PBXBuildFile; fileRef = 90F941A0219FB8380036A0CC /* Node.swift */; };
		90F941AB219FBB4E0036A0CC /* Math.h in Headers */ = {isa = PBXBuildFile; fileRef = 90F941A9219FBB4E0036A0CC /* Math.h */; settings = {ATTRIBUTES = (Public, ); }; };
		90F941AE219FBB4E0036A0CC /* Math.framework in Frameworks */ = {isa = PBXBuildFile; fileRef = 90F941A7219FBB4E0036A0CC /* Math.framework */; };
		90F941AF219FBB4E0036A0CC /* Math.framework in Embed Frameworks */ = {isa = PBXBuildFile; fileRef = 90F941A7219FBB4E0036A0CC /* Math.framework */; settings = {ATTRIBUTES = (CodeSignOnCopy, RemoveHeadersOnCopy, ); }; };
		90F941B4219FBB5F0036A0CC /* Math.swift in Sources */ = {isa = PBXBuildFile; fileRef = 90F9419E219FB80B0036A0CC /* Math.swift */; };
		90F941B621A02F430036A0CC /* Camera.swift in Sources */ = {isa = PBXBuildFile; fileRef = 90F941B521A02F430036A0CC /* Camera.swift */; };
		90F941BD21A1653C0036A0CC /* Test.metal in Sources */ = {isa = PBXBuildFile; fileRef = 90F941BC21A1653C0036A0CC /* Test.metal */; };
		90F941C421A169CD0036A0CC /* spot_texture.png in Resources */ = {isa = PBXBuildFile; fileRef = 90F941BA21A160D50036A0CC /* spot_texture.png */; };
		90F941C521A169CD0036A0CC /* spot.obj in Resources */ = {isa = PBXBuildFile; fileRef = 90F941BB21A160D50036A0CC /* spot.obj */; };
/* End PBXBuildFile section */

/* Begin PBXContainerItemProxy section */
		90F941AC219FBB4E0036A0CC /* PBXContainerItemProxy */ = {
			isa = PBXContainerItemProxy;
			containerPortal = 90F9417E219F90800036A0CC /* Project object */;
			proxyType = 1;
			remoteGlobalIDString = 90F941A6219FBB4E0036A0CC;
			remoteInfo = Math;
		};
/* End PBXContainerItemProxy section */

/* Begin PBXCopyFilesBuildPhase section */
		90F941B3219FBB4E0036A0CC /* Embed Frameworks */ = {
			isa = PBXCopyFilesBuildPhase;
			buildActionMask = 2147483647;
			dstPath = "";
			dstSubfolderSpec = 10;
			files = (
				90F941AF219FBB4E0036A0CC /* Math.framework in Embed Frameworks */,
			);
			name = "Embed Frameworks";
			runOnlyForDeploymentPostprocessing = 0;
		};
/* End PBXCopyFilesBuildPhase section */

/* Begin PBXFileReference section */
		90F94186219F90800036A0CC /* ShadingDemo.app */ = {isa = PBXFileReference; explicitFileType = wrapper.application; includeInIndex = 0; path = ShadingDemo.app; sourceTree = BUILT_PRODUCTS_DIR; };
		90F94189219F90800036A0CC /* AppDelegate.swift */ = {isa = PBXFileReference; lastKnownFileType = sourcecode.swift; path = AppDelegate.swift; sourceTree = "<group>"; };
		90F9418B219F90800036A0CC /* ViewController.swift */ = {isa = PBXFileReference; lastKnownFileType = sourcecode.swift; path = ViewController.swift; sourceTree = "<group>"; };
		90F9418D219F90810036A0CC /* Assets.xcassets */ = {isa = PBXFileReference; lastKnownFileType = folder.assetcatalog; path = Assets.xcassets; sourceTree = "<group>"; };
		90F94190219F90810036A0CC /* Base */ = {isa = PBXFileReference; lastKnownFileType = file.storyboard; name = Base; path = Base.lproj/Main.storyboard; sourceTree = "<group>"; };
		90F94192219F90810036A0CC /* Info.plist */ = {isa = PBXFileReference; lastKnownFileType = text.plist.xml; path = Info.plist; sourceTree = "<group>"; };
		90F94193219F90810036A0CC /* ShadingDemo.entitlements */ = {isa = PBXFileReference; lastKnownFileType = text.plist.entitlements; path = ShadingDemo.entitlements; sourceTree = "<group>"; };
		90F94199219F965E0036A0CC /* Renderer.swift */ = {isa = PBXFileReference; lastKnownFileType = sourcecode.swift; path = Renderer.swift; sourceTree = "<group>"; };
		90F9419E219FB80B0036A0CC /* Math.swift */ = {isa = PBXFileReference; lastKnownFileType = sourcecode.swift; path = Math.swift; sourceTree = "<group>"; };
		90F941A0219FB8380036A0CC /* Node.swift */ = {isa = PBXFileReference; lastKnownFileType = sourcecode.swift; path = Node.swift; sourceTree = "<group>"; };
		90F941A7219FBB4E0036A0CC /* Math.framework */ = {isa = PBXFileReference; explicitFileType = wrapper.framework; includeInIndex = 0; path = Math.framework; sourceTree = BUILT_PRODUCTS_DIR; };
		90F941A9219FBB4E0036A0CC /* Math.h */ = {isa = PBXFileReference; lastKnownFileType = sourcecode.c.h; path = Math.h; sourceTree = "<group>"; };
		90F941AA219FBB4E0036A0CC /* Info.plist */ = {isa = PBXFileReference; lastKnownFileType = text.plist.xml; path = Info.plist; sourceTree = "<group>"; };
		90F941B521A02F430036A0CC /* Camera.swift */ = {isa = PBXFileReference; lastKnownFileType = sourcecode.swift; path = Camera.swift; sourceTree = "<group>"; };
		90F941BA21A160D50036A0CC /* spot_texture.png */ = {isa = PBXFileReference; lastKnownFileType = image.png; path = spot_texture.png; sourceTree = "<group>"; };
		90F941BB21A160D50036A0CC /* spot.obj */ = {isa = PBXFileReference; lastKnownFileType = text; path = spot.obj; sourceTree = "<group>"; };
		90F941BC21A1653C0036A0CC /* Test.metal */ = {isa = PBXFileReference; lastKnownFileType = sourcecode.metal; path = Test.metal; sourceTree = "<group>"; };
		90F941BE21A166160036A0CC /* ShadingDemo-Bridging-Header.h */ = {isa = PBXFileReference; lastKnownFileType = sourcecode.c.h; path = "ShadingDemo-Bridging-Header.h"; sourceTree = "<group>"; };
		90F941BF21A166170036A0CC /* Common.h */ = {isa = PBXFileReference; lastKnownFileType = sourcecode.c.h; path = Common.h; sourceTree = "<group>"; };
/* End PBXFileReference section */

/* Begin PBXFrameworksBuildPhase section */
		90F94183219F90800036A0CC /* Frameworks */ = {
			isa = PBXFrameworksBuildPhase;
			buildActionMask = 2147483647;
			files = (
				90F941AE219FBB4E0036A0CC /* Math.framework in Frameworks */,
			);
			runOnlyForDeploymentPostprocessing = 0;
		};
		90F941A4219FBB4E0036A0CC /* Frameworks */ = {
			isa = PBXFrameworksBuildPhase;
			buildActionMask = 2147483647;
			files = (
			);
			runOnlyForDeploymentPostprocessing = 0;
		};
/* End PBXFrameworksBuildPhase section */

/* Begin PBXGroup section */
		90F9417D219F90800036A0CC = {
			isa = PBXGroup;
			children = (
				90F94188219F90800036A0CC /* ShadingDemo */,
				90F941A8219FBB4E0036A0CC /* Math */,
				90F94187219F90800036A0CC /* Products */,
			);
			sourceTree = "<group>";
		};
		90F94187219F90800036A0CC /* Products */ = {
			isa = PBXGroup;
			children = (
				90F94186219F90800036A0CC /* ShadingDemo.app */,
				90F941A7219FBB4E0036A0CC /* Math.framework */,
			);
			name = Products;
			sourceTree = "<group>";
		};
		90F94188219F90800036A0CC /* ShadingDemo */ = {
			isa = PBXGroup;
			children = (
				90F94189219F90800036A0CC /* AppDelegate.swift */,
				90F9418B219F90800036A0CC /* ViewController.swift */,
				90F9419B219F99D30036A0CC /* Renderer */,
				90F9418D219F90810036A0CC /* Assets.xcassets */,
				90F9418F219F90810036A0CC /* Main.storyboard */,
				90F94192219F90810036A0CC /* Info.plist */,
				90F94193219F90810036A0CC /* ShadingDemo.entitlements */,
			);
			path = ShadingDemo;
			sourceTree = "<group>";
		};
		90F9419B219F99D30036A0CC /* Renderer */ = {
			isa = PBXGroup;
			children = (
				90F94199219F965E0036A0CC /* Renderer.swift */,
				90F941A0219FB8380036A0CC /* Node.swift */,
				90F941B521A02F430036A0CC /* Camera.swift */,
				90F941BA21A160D50036A0CC /* spot_texture.png */,
				90F941BB21A160D50036A0CC /* spot.obj */,
				90F941BC21A1653C0036A0CC /* Test.metal */,
				90F941BF21A166170036A0CC /* Common.h */,
				90F941BE21A166160036A0CC /* ShadingDemo-Bridging-Header.h */,
			);
			path = Renderer;
			sourceTree = "<group>";
		};
		90F941A8219FBB4E0036A0CC /* Math */ = {
			isa = PBXGroup;
			children = (
				90F941A9219FBB4E0036A0CC /* Math.h */,
				90F9419E219FB80B0036A0CC /* Math.swift */,
				90F941AA219FBB4E0036A0CC /* Info.plist */,
			);
			path = Math;
			sourceTree = "<group>";
		};
/* End PBXGroup section */

/* Begin PBXHeadersBuildPhase section */
		90F941A2219FBB4E0036A0CC /* Headers */ = {
			isa = PBXHeadersBuildPhase;
			buildActionMask = 2147483647;
			files = (
				90F941AB219FBB4E0036A0CC /* Math.h in Headers */,
			);
			runOnlyForDeploymentPostprocessing = 0;
		};
/* End PBXHeadersBuildPhase section */

/* Begin PBXNativeTarget section */
		90F94185219F90800036A0CC /* ShadingDemo */ = {
			isa = PBXNativeTarget;
			buildConfigurationList = 90F94196219F90810036A0CC /* Build configuration list for PBXNativeTarget "ShadingDemo" */;
			buildPhases = (
				90F94182219F90800036A0CC /* Sources */,
				90F94183219F90800036A0CC /* Frameworks */,
				90F94184219F90800036A0CC /* Resources */,
				90F941B3219FBB4E0036A0CC /* Embed Frameworks */,
			);
			buildRules = (
			);
			dependencies = (
				90F941AD219FBB4E0036A0CC /* PBXTargetDependency */,
			);
			name = ShadingDemo;
			productName = ShadingDemo;
			productReference = 90F94186219F90800036A0CC /* ShadingDemo.app */;
			productType = "com.apple.product-type.application";
		};
		90F941A6219FBB4E0036A0CC /* Math */ = {
			isa = PBXNativeTarget;
			buildConfigurationList = 90F941B0219FBB4E0036A0CC /* Build configuration list for PBXNativeTarget "Math" */;
			buildPhases = (
				90F941A2219FBB4E0036A0CC /* Headers */,
				90F941A3219FBB4E0036A0CC /* Sources */,
				90F941A4219FBB4E0036A0CC /* Frameworks */,
				90F941A5219FBB4E0036A0CC /* Resources */,
			);
			buildRules = (
			);
			dependencies = (
			);
			name = Math;
			productName = Math;
			productReference = 90F941A7219FBB4E0036A0CC /* Math.framework */;
			productType = "com.apple.product-type.framework";
		};
/* End PBXNativeTarget section */

/* Begin PBXProject section */
		90F9417E219F90800036A0CC /* Project object */ = {
			isa = PBXProject;
			attributes = {
				LastSwiftUpdateCheck = 1010;
				LastUpgradeCheck = 1010;
				ORGANIZATIONNAME = lowe;
				TargetAttributes = {
					90F94185219F90800036A0CC = {
						CreatedOnToolsVersion = 10.1;
						LastSwiftMigration = 1010;
					};
					90F941A6219FBB4E0036A0CC = {
						CreatedOnToolsVersion = 10.1;
					};
				};
			};
			buildConfigurationList = 90F94181219F90800036A0CC /* Build configuration list for PBXProject "ShadingDemo" */;
			compatibilityVersion = "Xcode 9.3";
			developmentRegion = en;
			hasScannedForEncodings = 0;
			knownRegions = (
				en,
				Base,
			);
			mainGroup = 90F9417D219F90800036A0CC;
			productRefGroup = 90F94187219F90800036A0CC /* Products */;
			projectDirPath = "";
			projectRoot = "";
			targets = (
				90F94185219F90800036A0CC /* ShadingDemo */,
				90F941A6219FBB4E0036A0CC /* Math */,
			);
		};
/* End PBXProject section */

/* Begin PBXResourcesBuildPhase section */
		90F94184219F90800036A0CC /* Resources */ = {
			isa = PBXResourcesBuildPhase;
			buildActionMask = 2147483647;
			files = (
				90F941C421A169CD0036A0CC /* spot_texture.png in Resources */,
				90F941C521A169CD0036A0CC /* spot.obj in Resources */,
				90F9418E219F90810036A0CC /* Assets.xcassets in Resources */,
				90F94191219F90810036A0CC /* Main.storyboard in Resources */,
			);
			runOnlyForDeploymentPostprocessing = 0;
		};
		90F941A5219FBB4E0036A0CC /* Resources */ = {
			isa = PBXResourcesBuildPhase;
			buildActionMask = 2147483647;
			files = (
			);
			runOnlyForDeploymentPostprocessing = 0;
		};
/* End PBXResourcesBuildPhase section */

/* Begin PBXSourcesBuildPhase section */
		90F94182219F90800036A0CC /* Sources */ = {
			isa = PBXSourcesBuildPhase;
			buildActionMask = 2147483647;
			files = (
				90F9418C219F90800036A0CC /* ViewController.swift in Sources */,
				90F941B621A02F430036A0CC /* Camera.swift in Sources */,
				90F941A1219FB8380036A0CC /* Node.swift in Sources */,
				90F941BD21A1653C0036A0CC /* Test.metal in Sources */,
				90F9419A219F965E0036A0CC /* Renderer.swift in Sources */,
				90F9418A219F90800036A0CC /* AppDelegate.swift in Sources */,
			);
			runOnlyForDeploymentPostprocessing = 0;
		};
		90F941A3219FBB4E0036A0CC /* Sources */ = {
			isa = PBXSourcesBuildPhase;
			buildActionMask = 2147483647;
			files = (
				90F941B4219FBB5F0036A0CC /* Math.swift in Sources */,
			);
			runOnlyForDeploymentPostprocessing = 0;
		};
/* End PBXSourcesBuildPhase section */

/* Begin PBXTargetDependency section */
		90F941AD219FBB4E0036A0CC /* PBXTargetDependency */ = {
			isa = PBXTargetDependency;
			target = 90F941A6219FBB4E0036A0CC /* Math */;
			targetProxy = 90F941AC219FBB4E0036A0CC /* PBXContainerItemProxy */;
		};
/* End PBXTargetDependency section */

/* Begin PBXVariantGroup section */
		90F9418F219F90810036A0CC /* Main.storyboard */ = {
			isa = PBXVariantGroup;
			children = (
				90F94190219F90810036A0CC /* Base */,
			);
			name = Main.storyboard;
			sourceTree = "<group>";
		};
/* End PBXVariantGroup section */

/* Begin XCBuildConfiguration section */
		90F94194219F90810036A0CC /* Debug */ = {
			isa = XCBuildConfiguration;
			buildSettings = {
				ALWAYS_SEARCH_USER_PATHS = NO;
				CLANG_ANALYZER_NONNULL = YES;
				CLANG_ANALYZER_NUMBER_OBJECT_CONVERSION = YES_AGGRESSIVE;
				CLANG_CXX_LANGUAGE_STANDARD = "gnu++14";
				CLANG_CXX_LIBRARY = "libc++";
				CLANG_ENABLE_MODULES = YES;
				CLANG_ENABLE_OBJC_ARC = YES;
				CLANG_ENABLE_OBJC_WEAK = YES;
				CLANG_WARN_BLOCK_CAPTURE_AUTORELEASING = YES;
				CLANG_WARN_BOOL_CONVERSION = YES;
				CLANG_WARN_COMMA = YES;
				CLANG_WARN_CONSTANT_CONVERSION = YES;
				CLANG_WARN_DEPRECATED_OBJC_IMPLEMENTATIONS = YES;
				CLANG_WARN_DIRECT_OBJC_ISA_USAGE = YES_ERROR;
				CLANG_WARN_DOCUMENTATION_COMMENTS = YES;
				CLANG_WARN_EMPTY_BODY = YES;
				CLANG_WARN_ENUM_CONVERSION = YES;
				CLANG_WARN_INFINITE_RECURSION = YES;
				CLANG_WARN_INT_CONVERSION = YES;
				CLANG_WARN_NON_LITERAL_NULL_CONVERSION = YES;
				CLANG_WARN_OBJC_IMPLICIT_RETAIN_SELF = YES;
				CLANG_WARN_OBJC_LITERAL_CONVERSION = YES;
				CLANG_WARN_OBJC_ROOT_CLASS = YES_ERROR;
				CLANG_WARN_RANGE_LOOP_ANALYSIS = YES;
				CLANG_WARN_STRICT_PROTOTYPES = YES;
				CLANG_WARN_SUSPICIOUS_MOVE = YES;
				CLANG_WARN_UNGUARDED_AVAILABILITY = YES_AGGRESSIVE;
				CLANG_WARN_UNREACHABLE_CODE = YES;
				CLANG_WARN__DUPLICATE_METHOD_MATCH = YES;
				CODE_SIGN_IDENTITY = "Mac Developer";
				COPY_PHASE_STRIP = NO;
				DEBUG_INFORMATION_FORMAT = dwarf;
				ENABLE_STRICT_OBJC_MSGSEND = YES;
				ENABLE_TESTABILITY = YES;
				GCC_C_LANGUAGE_STANDARD = gnu11;
				GCC_DYNAMIC_NO_PIC = NO;
				GCC_NO_COMMON_BLOCKS = YES;
				GCC_OPTIMIZATION_LEVEL = 0;
				GCC_PREPROCESSOR_DEFINITIONS = (
					"DEBUG=1",
					"$(inherited)",
				);
				GCC_WARN_64_TO_32_BIT_CONVERSION = YES;
				GCC_WARN_ABOUT_RETURN_TYPE = YES_ERROR;
				GCC_WARN_UNDECLARED_SELECTOR = YES;
				GCC_WARN_UNINITIALIZED_AUTOS = YES_AGGRESSIVE;
				GCC_WARN_UNUSED_FUNCTION = YES;
				GCC_WARN_UNUSED_VARIABLE = YES;
				MACOSX_DEPLOYMENT_TARGET = 10.14;
				MTL_ENABLE_DEBUG_INFO = INCLUDE_SOURCE;
				MTL_FAST_MATH = YES;
				ONLY_ACTIVE_ARCH = YES;
				SDKROOT = macosx;
				SWIFT_ACTIVE_COMPILATION_CONDITIONS = DEBUG;
				SWIFT_OPTIMIZATION_LEVEL = "-Onone";
			};
			name = Debug;
		};
		90F94195219F90810036A0CC /* Release */ = {
			isa = XCBuildConfiguration;
			buildSettings = {
				ALWAYS_SEARCH_USER_PATHS = NO;
				CLANG_ANALYZER_NONNULL = YES;
				CLANG_ANALYZER_NUMBER_OBJECT_CONVERSION = YES_AGGRESSIVE;
				CLANG_CXX_LANGUAGE_STANDARD = "gnu++14";
				CLANG_CXX_LIBRARY = "libc++";
				CLANG_ENABLE_MODULES = YES;
				CLANG_ENABLE_OBJC_ARC = YES;
				CLANG_ENABLE_OBJC_WEAK = YES;
				CLANG_WARN_BLOCK_CAPTURE_AUTORELEASING = YES;
				CLANG_WARN_BOOL_CONVERSION = YES;
				CLANG_WARN_COMMA = YES;
				CLANG_WARN_CONSTANT_CONVERSION = YES;
				CLANG_WARN_DEPRECATED_OBJC_IMPLEMENTATIONS = YES;
				CLANG_WARN_DIRECT_OBJC_ISA_USAGE = YES_ERROR;
				CLANG_WARN_DOCUMENTATION_COMMENTS = YES;
				CLANG_WARN_EMPTY_BODY = YES;
				CLANG_WARN_ENUM_CONVERSION = YES;
				CLANG_WARN_INFINITE_RECURSION = YES;
				CLANG_WARN_INT_CONVERSION = YES;
				CLANG_WARN_NON_LITERAL_NULL_CONVERSION = YES;
				CLANG_WARN_OBJC_IMPLICIT_RETAIN_SELF = YES;
				CLANG_WARN_OBJC_LITERAL_CONVERSION = YES;
				CLANG_WARN_OBJC_ROOT_CLASS = YES_ERROR;
				CLANG_WARN_RANGE_LOOP_ANALYSIS = YES;
				CLANG_WARN_STRICT_PROTOTYPES = YES;
				CLANG_WARN_SUSPICIOUS_MOVE = YES;
				CLANG_WARN_UNGUARDED_AVAILABILITY = YES_AGGRESSIVE;
				CLANG_WARN_UNREACHABLE_CODE = YES;
				CLANG_WARN__DUPLICATE_METHOD_MATCH = YES;
				CODE_SIGN_IDENTITY = "Mac Developer";
				COPY_PHASE_STRIP = NO;
				DEBUG_INFORMATION_FORMAT = "dwarf-with-dsym";
				ENABLE_NS_ASSERTIONS = NO;
				ENABLE_STRICT_OBJC_MSGSEND = YES;
				GCC_C_LANGUAGE_STANDARD = gnu11;
				GCC_NO_COMMON_BLOCKS = YES;
				GCC_WARN_64_TO_32_BIT_CONVERSION = YES;
				GCC_WARN_ABOUT_RETURN_TYPE = YES_ERROR;
				GCC_WARN_UNDECLARED_SELECTOR = YES;
				GCC_WARN_UNINITIALIZED_AUTOS = YES_AGGRESSIVE;
				GCC_WARN_UNUSED_FUNCTION = YES;
				GCC_WARN_UNUSED_VARIABLE = YES;
				MACOSX_DEPLOYMENT_TARGET = 10.14;
				MTL_ENABLE_DEBUG_INFO = NO;
				MTL_FAST_MATH = YES;
				SDKROOT = macosx;
				SWIFT_COMPILATION_MODE = wholemodule;
				SWIFT_OPTIMIZATION_LEVEL = "-O";
			};
			name = Release;
		};
		90F94197219F90810036A0CC /* Debug */ = {
			isa = XCBuildConfiguration;
			buildSettings = {
				ALWAYS_EMBED_SWIFT_STANDARD_LIBRARIES = YES;
				ASSETCATALOG_COMPILER_APPICON_NAME = AppIcon;
				CLANG_ENABLE_MODULES = YES;
				CODE_SIGN_ENTITLEMENTS = ShadingDemo/ShadingDemo.entitlements;
				CODE_SIGN_STYLE = Automatic;
				COMBINE_HIDPI_IMAGES = YES;
				DEVELOPMENT_TEAM = 7H237A2BEL;
				INFOPLIST_FILE = ShadingDemo/Info.plist;
				LD_RUNPATH_SEARCH_PATHS = (
					"$(inherited)",
					"@executable_path/../Frameworks",
				);
				PRODUCT_BUNDLE_IDENTIFIER = lowe.ShadingDemo;
				PRODUCT_NAME = "$(TARGET_NAME)";
				SWIFT_OBJC_BRIDGING_HEADER = "ShadingDemo/Renderer/ShadingDemo-Bridging-Header.h";
				SWIFT_OPTIMIZATION_LEVEL = "-Onone";
				SWIFT_VERSION = 4.2;
			};
			name = Debug;
		};
		90F94198219F90810036A0CC /* Release */ = {
			isa = XCBuildConfiguration;
			buildSettings = {
				ALWAYS_EMBED_SWIFT_STANDARD_LIBRARIES = YES;
				ASSETCATALOG_COMPILER_APPICON_NAME = AppIcon;
				CLANG_ENABLE_MODULES = YES;
				CODE_SIGN_ENTITLEMENTS = ShadingDemo/ShadingDemo.entitlements;
				CODE_SIGN_STYLE = Automatic;
				COMBINE_HIDPI_IMAGES = YES;
				DEVELOPMENT_TEAM = 7H237A2BEL;
				INFOPLIST_FILE = ShadingDemo/Info.plist;
				LD_RUNPATH_SEARCH_PATHS = (
					"$(inherited)",
					"@executable_path/../Frameworks",
				);
				PRODUCT_BUNDLE_IDENTIFIER = lowe.ShadingDemo;
				PRODUCT_NAME = "$(TARGET_NAME)";
				SWIFT_OBJC_BRIDGING_HEADER = "ShadingDemo/Renderer/ShadingDemo-Bridging-Header.h";
				SWIFT_VERSION = 4.2;
			};
			name = Release;
		};
		90F941B1219FBB4E0036A0CC /* Debug */ = {
			isa = XCBuildConfiguration;
			buildSettings = {
				CODE_SIGN_IDENTITY = "";
				CODE_SIGN_STYLE = Automatic;
				COMBINE_HIDPI_IMAGES = YES;
				CURRENT_PROJECT_VERSION = 1;
				DEFINES_MODULE = YES;
				DEVELOPMENT_TEAM = 7H237A2BEL;
				DYLIB_COMPATIBILITY_VERSION = 1;
				DYLIB_CURRENT_VERSION = 1;
				DYLIB_INSTALL_NAME_BASE = "@rpath";
				FRAMEWORK_VERSION = A;
				INFOPLIST_FILE = Math/Info.plist;
				INSTALL_PATH = "$(LOCAL_LIBRARY_DIR)/Frameworks";
				LD_RUNPATH_SEARCH_PATHS = (
					"$(inherited)",
					"@executable_path/../Frameworks",
					"@loader_path/Frameworks",
				);
				PRODUCT_BUNDLE_IDENTIFIER = lowe.Math;
				PRODUCT_NAME = "$(TARGET_NAME:c99extidentifier)";
				SKIP_INSTALL = YES;
				SWIFT_VERSION = 4.2;
				VERSIONING_SYSTEM = "apple-generic";
				VERSION_INFO_PREFIX = "";
			};
			name = Debug;
		};
		90F941B2219FBB4E0036A0CC /* Release */ = {
			isa = XCBuildConfiguration;
			buildSettings = {
				CODE_SIGN_IDENTITY = "";
				CODE_SIGN_STYLE = Automatic;
				COMBINE_HIDPI_IMAGES = YES;
				CURRENT_PROJECT_VERSION = 1;
				DEFINES_MODULE = YES;
				DEVELOPMENT_TEAM = 7H237A2BEL;
				DYLIB_COMPATIBILITY_VERSION = 1;
				DYLIB_CURRENT_VERSION = 1;
				DYLIB_INSTALL_NAME_BASE = "@rpath";
				FRAMEWORK_VERSION = A;
				INFOPLIST_FILE = Math/Info.plist;
				INSTALL_PATH = "$(LOCAL_LIBRARY_DIR)/Frameworks";
				LD_RUNPATH_SEARCH_PATHS = (
					"$(inherited)",
					"@executable_path/../Frameworks",
					"@loader_path/Frameworks",
				);
				PRODUCT_BUNDLE_IDENTIFIER = lowe.Math;
				PRODUCT_NAME = "$(TARGET_NAME:c99extidentifier)";
				SKIP_INSTALL = YES;
				SWIFT_VERSION = 4.2;
				VERSIONING_SYSTEM = "apple-generic";
				VERSION_INFO_PREFIX = "";
			};
			name = Release;
		};
/* End XCBuildConfiguration section */

/* Begin XCConfigurationList section */
		90F94181219F90800036A0CC /* Build configuration list for PBXProject "ShadingDemo" */ = {
			isa = XCConfigurationList;
			buildConfigurations = (
				90F94194219F90810036A0CC /* Debug */,
				90F94195219F90810036A0CC /* Release */,
			);
			defaultConfigurationIsVisible = 0;
			defaultConfigurationName = Release;
		};
		90F94196219F90810036A0CC /* Build configuration list for PBXNativeTarget "ShadingDemo" */ = {
			isa = XCConfigurationList;
			buildConfigurations = (
				90F94197219F90810036A0CC /* Debug */,
				90F94198219F90810036A0CC /* Release */,
			);
			defaultConfigurationIsVisible = 0;
			defaultConfigurationName = Release;
		};
		90F941B0219FBB4E0036A0CC /* Build configuration list for PBXNativeTarget "Math" */ = {
			isa = XCConfigurationList;
			buildConfigurations = (
				90F941B1219FBB4E0036A0CC /* Debug */,
				90F941B2219FBB4E0036A0CC /* Release */,
			);
			defaultConfigurationIsVisible = 0;
			defaultConfigurationName = Release;
		};
/* End XCConfigurationList section */
	};
	rootObject = 90F9417E219F90800036A0CC /* Project object */;
}
